
Microsoft Visual Studio Solution File, Format Version 12.00
# Visual Studio Version 17
VisualStudioVersion = 17.0.31903.59
MinimumVisualStudioVersion = 10.0.40219.1
Project("{FAE04EC0-301F-11D3-BF4B-00C04F79EFBC}") = "HelfMockit", "src\HelfMockit\HelfMockit.csproj", "{FD146D7E-1E4D-4504-8768-9CCCD573534C}"
EndProject
Global
	GlobalSection(SolutionConfigurationPlatforms) = preSolution
		Debug|Any CPU = Debug|Any CPU
		Release|Any CPU = Release|Any CPU
	EndGlobalSection
	GlobalSection(ProjectConfigurationPlatforms) = postSolution
		{FD146D7E-1E4D-4504-8768-9CCCD573534C}.Debug|Any CPU.ActiveCfg = Debug|Any CPU
		{FD146D7E-1E4D-4504-8768-9CCCD573534C}.Debug|Any CPU.Build.0 = Debug|Any CPU
		{FD146D7E-1E4D-4504-8768-9CCCD573534C}.Release|Any CPU.ActiveCfg = Release|Any CPU
		{FD146D7E-1E4D-4504-8768-9CCCD573534C}.Release|Any CPU.Build.0 = Release|Any CPU
	EndGlobalSection
	GlobalSection(SolutionProperties) = preSolution
		HideSolutionNode = FALSE
	EndGlobalSection
	GlobalSection(ExtensibilityGlobals) = postSolution
		SolutionGuid = {4A9E62BD-1DDE-479F-A6E0-2ABA743370AF}
	EndGlobalSection
EndGlobal
